// !$*UTF8*$!
{
	archiveVersion = 1;
	classes = {
	};
	objectVersion = 48;
	objects = {

/* Begin PBXBuildFile section */
		A15EC7D21F86FE520077EAB6 /* AppDelegate.swift in Sources */ = {isa = PBXBuildFile; fileRef = A15EC7D11F86FE520077EAB6 /* AppDelegate.swift */; };
		A15EC7D41F86FE520077EAB6 /* ViewController.swift in Sources */ = {isa = PBXBuildFile; fileRef = A15EC7D31F86FE520077EAB6 /* ViewController.swift */; };
		A15EC7D71F86FE520077EAB6 /* Main.storyboard in Resources */ = {isa = PBXBuildFile; fileRef = A15EC7D51F86FE520077EAB6 /* Main.storyboard */; };
		A15EC7D91F86FE520077EAB6 /* Assets.xcassets in Resources */ = {isa = PBXBuildFile; fileRef = A15EC7D81F86FE520077EAB6 /* Assets.xcassets */; };
		A15EC7DC1F86FE520077EAB6 /* LaunchScreen.storyboard in Resources */ = {isa = PBXBuildFile; fileRef = A15EC7DA1F86FE520077EAB6 /* LaunchScreen.storyboard */; };
		A15EC7E71F86FE520077EAB6 /* Hello_iOSUITests.swift in Sources */ = {isa = PBXBuildFile; fileRef = A15EC7E61F86FE520077EAB6 /* Hello_iOSUITests.swift */; };
/* End PBXBuildFile section */

/* Begin PBXContainerItemProxy section */
		A15EC7E31F86FE520077EAB6 /* PBXContainerItemProxy */ = {
			isa = PBXContainerItemProxy;
			containerPortal = A15EC7C61F86FE510077EAB6 /* Project object */;
			proxyType = 1;
			remoteGlobalIDString = A15EC7CD1F86FE520077EAB6;
			remoteInfo = "Hello-iOS";
		};
/* End PBXContainerItemProxy section */

/* Begin PBXFileReference section */
		A15EC7CE1F86FE520077EAB6 /* Hello-iOS.app */ = {isa = PBXFileReference; explicitFileType = wrapper.application; includeInIndex = 0; path = "Hello-iOS.app"; sourceTree = BUILT_PRODUCTS_DIR; };
		A15EC7D11F86FE520077EAB6 /* AppDelegate.swift */ = {isa = PBXFileReference; lastKnownFileType = sourcecode.swift; path = AppDelegate.swift; sourceTree = "<group>"; };
		A15EC7D31F86FE520077EAB6 /* ViewController.swift */ = {isa = PBXFileReference; lastKnownFileType = sourcecode.swift; path = ViewController.swift; sourceTree = "<group>"; };
		A15EC7D61F86FE520077EAB6 /* Base */ = {isa = PBXFileReference; lastKnownFileType = file.storyboard; name = Base; path = Base.lproj/Main.storyboard; sourceTree = "<group>"; };
		A15EC7D81F86FE520077EAB6 /* Assets.xcassets */ = {isa = PBXFileReference; lastKnownFileType = folder.assetcatalog; path = Assets.xcassets; sourceTree = "<group>"; };
		A15EC7DB1F86FE520077EAB6 /* Base */ = {isa = PBXFileReference; lastKnownFileType = file.storyboard; name = Base; path = Base.lproj/LaunchScreen.storyboard; sourceTree = "<group>"; };
		A15EC7DD1F86FE520077EAB6 /* Info.plist */ = {isa = PBXFileReference; lastKnownFileType = text.plist.xml; path = Info.plist; sourceTree = "<group>"; };
		A15EC7E21F86FE520077EAB6 /* Hello-iOSUITests.xctest */ = {isa = PBXFileReference; explicitFileType = wrapper.cfbundle; includeInIndex = 0; path = "Hello-iOSUITests.xctest"; sourceTree = BUILT_PRODUCTS_DIR; };
		A15EC7E61F86FE520077EAB6 /* Hello_iOSUITests.swift */ = {isa = PBXFileReference; lastKnownFileType = sourcecode.swift; path = Hello_iOSUITests.swift; sourceTree = "<group>"; };
		A15EC7E81F86FE520077EAB6 /* Info.plist */ = {isa = PBXFileReference; lastKnownFileType = text.plist.xml; path = Info.plist; sourceTree = "<group>"; };
/* End PBXFileReference section */

/* Begin PBXFrameworksBuildPhase section */
		A15EC7CB1F86FE520077EAB6 /* Frameworks */ = {
			isa = PBXFrameworksBuildPhase;
			buildActionMask = 2147483647;
			files = (
			);
			runOnlyForDeploymentPostprocessing = 0;
		};
		A15EC7DF1F86FE520077EAB6 /* Frameworks */ = {
			isa = PBXFrameworksBuildPhase;
			buildActionMask = 2147483647;
			files = (
			);
			runOnlyForDeploymentPostprocessing = 0;
		};
/* End PBXFrameworksBuildPhase section */

/* Begin PBXGroup section */
		A15EC7C51F86FE510077EAB6 = {
			isa = PBXGroup;
			children = (
				A15EC7D01F86FE520077EAB6 /* Hello */,
				A15EC7E51F86FE520077EAB6 /* Hello-iOSUITests */,
				A15EC7CF1F86FE520077EAB6 /* Products */,
			);
			sourceTree = "<group>";
		};
		A15EC7CF1F86FE520077EAB6 /* Products */ = {
			isa = PBXGroup;
			children = (
				A15EC7CE1F86FE520077EAB6 /* Hello-iOS.app */,
				A15EC7E21F86FE520077EAB6 /* Hello-iOSUITests.xctest */,
			);
			name = Products;
			sourceTree = "<group>";
		};
		A15EC7D01F86FE520077EAB6 /* Hello */ = {
			isa = PBXGroup;
			children = (
				A15EC7D11F86FE520077EAB6 /* AppDelegate.swift */,
				A15EC7D31F86FE520077EAB6 /* ViewController.swift */,
				A15EC7D51F86FE520077EAB6 /* Main.storyboard */,
				A15EC7D81F86FE520077EAB6 /* Assets.xcassets */,
				A15EC7DA1F86FE520077EAB6 /* LaunchScreen.storyboard */,
				A15EC7DD1F86FE520077EAB6 /* Info.plist */,
			);
			path = Hello;
			sourceTree = "<group>";
		};
		A15EC7E51F86FE520077EAB6 /* Hello-iOSUITests */ = {
			isa = PBXGroup;
			children = (
				A15EC7E61F86FE520077EAB6 /* Hello_iOSUITests.swift */,
				A15EC7E81F86FE520077EAB6 /* Info.plist */,
			);
			path = "Hello-iOSUITests";
			sourceTree = "<group>";
		};
/* End PBXGroup section */

/* Begin PBXNativeTarget section */
		A15EC7CD1F86FE520077EAB6 /* Hello-iOS */ = {
			isa = PBXNativeTarget;
			buildConfigurationList = A15EC7EB1F86FE520077EAB6 /* Build configuration list for PBXNativeTarget "Hello-iOS" */;
			buildPhases = (
				A15EC7CA1F86FE520077EAB6 /* Sources */,
				A15EC7CB1F86FE520077EAB6 /* Frameworks */,
				A15EC7CC1F86FE520077EAB6 /* Resources */,
			);
			buildRules = (
			);
			dependencies = (
			);
			name = "Hello-iOS";
			productName = "Hello-iOS";
			productReference = A15EC7CE1F86FE520077EAB6 /* Hello-iOS.app */;
			productType = "com.apple.product-type.application";
		};
		A15EC7E11F86FE520077EAB6 /* Hello-iOSUITests */ = {
			isa = PBXNativeTarget;
			buildConfigurationList = A15EC7EE1F86FE520077EAB6 /* Build configuration list for PBXNativeTarget "Hello-iOSUITests" */;
			buildPhases = (
				A15EC7DE1F86FE520077EAB6 /* Sources */,
				A15EC7DF1F86FE520077EAB6 /* Frameworks */,
				A15EC7E01F86FE520077EAB6 /* Resources */,
			);
			buildRules = (
			);
			dependencies = (
				A15EC7E41F86FE520077EAB6 /* PBXTargetDependency */,
			);
			name = "Hello-iOSUITests";
			productName = "Hello-iOSUITests";
			productReference = A15EC7E21F86FE520077EAB6 /* Hello-iOSUITests.xctest */;
			productType = "com.apple.product-type.bundle.ui-testing";
		};
/* End PBXNativeTarget section */

/* Begin PBXProject section */
		A15EC7C61F86FE510077EAB6 /* Project object */ = {
			isa = PBXProject;
			attributes = {
				LastSwiftUpdateCheck = 0900;
				LastUpgradeCheck = 0900;
				ORGANIZATIONNAME = "Sarah Feldmann";
				TargetAttributes = {
					A15EC7CD1F86FE520077EAB6 = {
						CreatedOnToolsVersion = 9.0;
						ProvisioningStyle = Automatic;
					};
					A15EC7E11F86FE520077EAB6 = {
						CreatedOnToolsVersion = 9.0;
						ProvisioningStyle = Automatic;
						TestTargetID = A15EC7CD1F86FE520077EAB6;
					};
				};
			};
			buildConfigurationList = A15EC7C91F86FE510077EAB6 /* Build configuration list for PBXProject "Hello-iOS" */;
			compatibilityVersion = "Xcode 8.0";
			developmentRegion = en;
			hasScannedForEncodings = 0;
			knownRegions = (
				en,
				Base,
			);
			mainGroup = A15EC7C51F86FE510077EAB6;
			productRefGroup = A15EC7CF1F86FE520077EAB6 /* Products */;
			projectDirPath = "";
			projectRoot = "";
			targets = (
				A15EC7CD1F86FE520077EAB6 /* Hello-iOS */,
				A15EC7E11F86FE520077EAB6 /* Hello-iOSUITests */,
			);
		};
/* End PBXProject section */

/* Begin PBXResourcesBuildPhase section */
		A15EC7CC1F86FE520077EAB6 /* Resources */ = {
			isa = PBXResourcesBuildPhase;
			buildActionMask = 2147483647;
			files = (
				A15EC7DC1F86FE520077EAB6 /* LaunchScreen.storyboard in Resources */,
				A15EC7D91F86FE520077EAB6 /* Assets.xcassets in Resources */,
				A15EC7D71F86FE520077EAB6 /* Main.storyboard in Resources */,
			);
			runOnlyForDeploymentPostprocessing = 0;
		};
		A15EC7E01F86FE520077EAB6 /* Resources */ = {
			isa = PBXResourcesBuildPhase;
			buildActionMask = 2147483647;
			files = (
			);
			runOnlyForDeploymentPostprocessing = 0;
		};
/* End PBXResourcesBuildPhase section */

/* Begin PBXSourcesBuildPhase section */
		A15EC7CA1F86FE520077EAB6 /* Sources */ = {
			isa = PBXSourcesBuildPhase;
			buildActionMask = 2147483647;
			files = (
				A15EC7D41F86FE520077EAB6 /* ViewController.swift in Sources */,
				A15EC7D21F86FE520077EAB6 /* AppDelegate.swift in Sources */,
			);
			runOnlyForDeploymentPostprocessing = 0;
		};
		A15EC7DE1F86FE520077EAB6 /* Sources */ = {
			isa = PBXSourcesBuildPhase;
			buildActionMask = 2147483647;
			files = (
				A15EC7E71F86FE520077EAB6 /* Hello_iOSUITests.swift in Sources */,
			);
			runOnlyForDeploymentPostprocessing = 0;
		};
/* End PBXSourcesBuildPhase section */

/* Begin PBXTargetDependency section */
		A15EC7E41F86FE520077EAB6 /* PBXTargetDependency */ = {
			isa = PBXTargetDependency;
			target = A15EC7CD1F86FE520077EAB6 /* Hello-iOS */;
			targetProxy = A15EC7E31F86FE520077EAB6 /* PBXContainerItemProxy */;
		};
/* End PBXTargetDependency section */

/* Begin PBXVariantGroup section */
		A15EC7D51F86FE520077EAB6 /* Main.storyboard */ = {
			isa = PBXVariantGroup;
			children = (
				A15EC7D61F86FE520077EAB6 /* Base */,
			);
			name = Main.storyboard;
			sourceTree = "<group>";
		};
		A15EC7DA1F86FE520077EAB6 /* LaunchScreen.storyboard */ = {
			isa = PBXVariantGroup;
			children = (
				A15EC7DB1F86FE520077EAB6 /* Base */,
			);
			name = LaunchScreen.storyboard;
			sourceTree = "<group>";
		};
/* End PBXVariantGroup section */

/* Begin XCBuildConfiguration section */
		A15EC7E91F86FE520077EAB6 /* Debug */ = {
			isa = XCBuildConfiguration;
			buildSettings = {
				ALWAYS_SEARCH_USER_PATHS = NO;
				CLANG_ANALYZER_NONNULL = YES;
				CLANG_ANALYZER_NUMBER_OBJECT_CONVERSION = YES_AGGRESSIVE;
				CLANG_CXX_LANGUAGE_STANDARD = "gnu++14";
				CLANG_CXX_LIBRARY = "libc++";
				CLANG_ENABLE_MODULES = YES;
				CLANG_ENABLE_OBJC_ARC = YES;
				CLANG_WARN_BLOCK_CAPTURE_AUTORELEASING = YES;
				CLANG_WARN_BOOL_CONVERSION = YES;
				CLANG_WARN_COMMA = YES;
				CLANG_WARN_CONSTANT_CONVERSION = YES;
				CLANG_WARN_DIRECT_OBJC_ISA_USAGE = YES_ERROR;
				CLANG_WARN_DOCUMENTATION_COMMENTS = YES;
				CLANG_WARN_EMPTY_BODY = YES;
				CLANG_WARN_ENUM_CONVERSION = YES;
				CLANG_WARN_INFINITE_RECURSION = YES;
				CLANG_WARN_INT_CONVERSION = YES;
				CLANG_WARN_NON_LITERAL_NULL_CONVERSION = YES;
				CLANG_WARN_OBJC_LITERAL_CONVERSION = YES;
				CLANG_WARN_OBJC_ROOT_CLASS = YES_ERROR;
				CLANG_WARN_RANGE_LOOP_ANALYSIS = YES;
				CLANG_WARN_STRICT_PROTOTYPES = YES;
				CLANG_WARN_SUSPICIOUS_MOVE = YES;
				CLANG_WARN_UNGUARDED_AVAILABILITY = YES_AGGRESSIVE;
				CLANG_WARN_UNREACHABLE_CODE = YES;
				CLANG_WARN__DUPLICATE_METHOD_MATCH = YES;
				CODE_SIGN_IDENTITY = "iPhone Developer";
				COPY_PHASE_STRIP = NO;
				DEBUG_INFORMATION_FORMAT = dwarf;
				ENABLE_STRICT_OBJC_MSGSEND = YES;
				ENABLE_TESTABILITY = YES;
				GCC_C_LANGUAGE_STANDARD = gnu11;
				GCC_DYNAMIC_NO_PIC = NO;
				GCC_NO_COMMON_BLOCKS = YES;
				GCC_OPTIMIZATION_LEVEL = 0;
				GCC_PREPROCESSOR_DEFINITIONS = (
					"DEBUG=1",
					"$(inherited)",
				);
				GCC_WARN_64_TO_32_BIT_CONVERSION = YES;
				GCC_WARN_ABOUT_RETURN_TYPE = YES_ERROR;
				GCC_WARN_UNDECLARED_SELECTOR = YES;
				GCC_WARN_UNINITIALIZED_AUTOS = YES_AGGRESSIVE;
				GCC_WARN_UNUSED_FUNCTION = YES;
				GCC_WARN_UNUSED_VARIABLE = YES;
				IPHONEOS_DEPLOYMENT_TARGET = 11.0;
				MTL_ENABLE_DEBUG_INFO = YES;
				ONLY_ACTIVE_ARCH = YES;
				SDKROOT = iphoneos;
				SWIFT_ACTIVE_COMPILATION_CONDITIONS = DEBUG;
				SWIFT_OPTIMIZATION_LEVEL = "-Onone";
			};
			name = Debug;
		};
		A15EC7EA1F86FE520077EAB6 /* Release */ = {
			isa = XCBuildConfiguration;
			buildSettings = {
				ALWAYS_SEARCH_USER_PATHS = NO;
				CLANG_ANALYZER_NONNULL = YES;
				CLANG_ANALYZER_NUMBER_OBJECT_CONVERSION = YES_AGGRESSIVE;
				CLANG_CXX_LANGUAGE_STANDARD = "gnu++14";
				CLANG_CXX_LIBRARY = "libc++";
				CLANG_ENABLE_MODULES = YES;
				CLANG_ENABLE_OBJC_ARC = YES;
				CLANG_WARN_BLOCK_CAPTURE_AUTORELEASING = YES;
				CLANG_WARN_BOOL_CONVERSION = YES;
				CLANG_WARN_COMMA = YES;
				CLANG_WARN_CONSTANT_CONVERSION = YES;
				CLANG_WARN_DIRECT_OBJC_ISA_USAGE = YES_ERROR;
				CLANG_WARN_DOCUMENTATION_COMMENTS = YES;
				CLANG_WARN_EMPTY_BODY = YES;
				CLANG_WARN_ENUM_CONVERSION = YES;
				CLANG_WARN_INFINITE_RECURSION = YES;
				CLANG_WARN_INT_CONVERSION = YES;
				CLANG_WARN_NON_LITERAL_NULL_CONVERSION = YES;
				CLANG_WARN_OBJC_LITERAL_CONVERSION = YES;
				CLANG_WARN_OBJC_ROOT_CLASS = YES_ERROR;
				CLANG_WARN_RANGE_LOOP_ANALYSIS = YES;
				CLANG_WARN_STRICT_PROTOTYPES = YES;
				CLANG_WARN_SUSPICIOUS_MOVE = YES;
				CLANG_WARN_UNGUARDED_AVAILABILITY = YES_AGGRESSIVE;
				CLANG_WARN_UNREACHABLE_CODE = YES;
				CLANG_WARN__DUPLICATE_METHOD_MATCH = YES;
				CODE_SIGN_IDENTITY = "iPhone Developer";
				COPY_PHASE_STRIP = NO;
				DEBUG_INFORMATION_FORMAT = "dwarf-with-dsym";
				ENABLE_NS_ASSERTIONS = NO;
				ENABLE_STRICT_OBJC_MSGSEND = YES;
				GCC_C_LANGUAGE_STANDARD = gnu11;
				GCC_NO_COMMON_BLOCKS = YES;
				GCC_WARN_64_TO_32_BIT_CONVERSION = YES;
				GCC_WARN_ABOUT_RETURN_TYPE = YES_ERROR;
				GCC_WARN_UNDECLARED_SELECTOR = YES;
				GCC_WARN_UNINITIALIZED_AUTOS = YES_AGGRESSIVE;
				GCC_WARN_UNUSED_FUNCTION = YES;
				GCC_WARN_UNUSED_VARIABLE = YES;
				IPHONEOS_DEPLOYMENT_TARGET = 11.0;
				MTL_ENABLE_DEBUG_INFO = NO;
				SDKROOT = iphoneos;
				SWIFT_OPTIMIZATION_LEVEL = "-Owholemodule";
				VALIDATE_PRODUCT = YES;
			};
			name = Release;
		};
		A15EC7EC1F86FE520077EAB6 /* Debug */ = {
			isa = XCBuildConfiguration;
			buildSettings = {
				ASSETCATALOG_COMPILER_APPICON_NAME = AppIcon;
				CODE_SIGN_STYLE = Automatic;
				DEVELOPMENT_TEAM = 623FM8P7D8;
				INFOPLIST_FILE = "$(SRCROOT)/Hello/Info.plist";
				LD_RUNPATH_SEARCH_PATHS = "$(inherited) @executable_path/Frameworks";
				PRODUCT_BUNDLE_IDENTIFIER = "edu.uw.ischool.Hello-iOS";
				PRODUCT_NAME = "$(TARGET_NAME)";
				SWIFT_VERSION = 4.0;
				TARGETED_DEVICE_FAMILY = "1,2";
			};
			name = Debug;
		};
		A15EC7ED1F86FE520077EAB6 /* Release */ = {
			isa = XCBuildConfiguration;
			buildSettings = {
				ASSETCATALOG_COMPILER_APPICON_NAME = AppIcon;
				CODE_SIGN_STYLE = Automatic;
				DEVELOPMENT_TEAM = 623FM8P7D8;
				INFOPLIST_FILE = "$(SRCROOT)/Hello/Info.plist";
				LD_RUNPATH_SEARCH_PATHS = "$(inherited) @executable_path/Frameworks";
				PRODUCT_BUNDLE_IDENTIFIER = "edu.uw.ischool.Hello-iOS";
				PRODUCT_NAME = "$(TARGET_NAME)";
				SWIFT_VERSION = 4.0;
				TARGETED_DEVICE_FAMILY = "1,2";
			};
			name = Release;
		};
		A15EC7EF1F86FE520077EAB6 /* Debug */ = {
			isa = XCBuildConfiguration;
			buildSettings = {
				ALWAYS_EMBED_SWIFT_STANDARD_LIBRARIES = YES;
				CODE_SIGN_STYLE = Automatic;
				INFOPLIST_FILE = "Hello-iOSUITests/Info.plist";
				LD_RUNPATH_SEARCH_PATHS = "$(inherited) @executable_path/Frameworks @loader_path/Frameworks";
				PRODUCT_BUNDLE_IDENTIFIER = "edu.uw.ischool.Hello-iOSUITests";
				PRODUCT_NAME = "$(TARGET_NAME)";
				SWIFT_VERSION = 4.0;
				TARGETED_DEVICE_FAMILY = "1,2";
				TEST_TARGET_NAME = "Hello-iOS";
			};
			name = Debug;
		};
		A15EC7F01F86FE520077EAB6 /* Release */ = {
			isa = XCBuildConfiguration;
			buildSettings = {
				ALWAYS_EMBED_SWIFT_STANDARD_LIBRARIES = YES;
				CODE_SIGN_STYLE = Automatic;
				INFOPLIST_FILE = "Hello-iOSUITests/Info.plist";
				LD_RUNPATH_SEARCH_PATHS = "$(inherited) @executable_path/Frameworks @loader_path/Frameworks";
				PRODUCT_BUNDLE_IDENTIFIER = "edu.uw.ischool.Hello-iOSUITests";
				PRODUCT_NAME = "$(TARGET_NAME)";
				SWIFT_VERSION = 4.0;
				TARGETED_DEVICE_FAMILY = "1,2";
				TEST_TARGET_NAME = "Hello-iOS";
			};
			name = Release;
		};
/* End XCBuildConfiguration section */

/* Begin XCConfigurationList section */
		A15EC7C91F86FE510077EAB6 /* Build configuration list for PBXProject "Hello-iOS" */ = {
			isa = XCConfigurationList;
			buildConfigurations = (
				A15EC7E91F86FE520077EAB6 /* Debug */,
				A15EC7EA1F86FE520077EAB6 /* Release */,
			);
			defaultConfigurationIsVisible = 0;
			defaultConfigurationName = Release;
		};
		A15EC7EB1F86FE520077EAB6 /* Build configuration list for PBXNativeTarget "Hello-iOS" */ = {
			isa = XCConfigurationList;
			buildConfigurations = (
				A15EC7EC1F86FE520077EAB6 /* Debug */,
				A15EC7ED1F86FE520077EAB6 /* Release */,
			);
			defaultConfigurationIsVisible = 0;
			defaultConfigurationName = Release;
		};
		A15EC7EE1F86FE520077EAB6 /* Build configuration list for PBXNativeTarget "Hello-iOSUITests" */ = {
			isa = XCConfigurationList;
			buildConfigurations = (
				A15EC7EF1F86FE520077EAB6 /* Debug */,
				A15EC7F01F86FE520077EAB6 /* Release */,
			);
			defaultConfigurationIsVisible = 0;
			defaultConfigurationName = Release;
		};
/* End XCConfigurationList section */
	};
	rootObject = A15EC7C61F86FE510077EAB6 /* Project object */;
}
